dependencies:
- name: eazybank-common
  repository: file://../../eazybank-common
  version: 0.1.0
- name: configserver
  repository: file://../../eazybank-services/configserver
  version: 0.1.0
- name: eureka-server
  repository: file://../../eazybank-services/eureka-server
  version: 0.1.0
- name: accounts
  repository: file://../../eazybank-services/accounts
  version: 0.1.0
- name: cards
  repository: file://../../eazybank-services/cards
  version: 0.1.0
- name: loans
  repository: file://../../eazybank-services/loans
  version: 0.1.0
- name: gateway-server
  repository: file://../../eazybank-services/gateway-server
  version: 0.1.0
- name: message
  repository: file://../../eazybank-services/message
  version: 0.1.0
digest: sha256:19fbc82dcf942933e08e70500ff63a510f5816dc706dba0309bd4a6b88d3031f
generated: "2025-01-05T15:00:22.181581+07:00"
